
Microsoft Visual Studio Solution File, Format Version 12.00
# Visual Studio Version 16
VisualStudioVersion = 16.0.30804.86
MinimumVisualStudioVersion = 10.0.40219.1
Project("{9A19103F-16F7-4668-BE54-9A1E7A4F7556}") = "ProductServiceApp", "ProductServiceApp\ProductServiceApp.csproj", "{BF9D5CA8-E8D4-4D58-881F-51D72AE4F55C}"
EndProject
Project("{FAE04EC0-301F-11D3-BF4B-00C04F79EFBC}") = "ProductServiceAppTests", "ProductServiceAppTests\ProductServiceAppTests.csproj", "{9C515F04-685E-4A6C-8920-F78A5DFDAA78}"
EndProject
Global
	GlobalSection(SolutionConfigurationPlatforms) = preSolution
		Debug|Any CPU = Debug|Any CPU
		Release|Any CPU = Release|Any CPU
	EndGlobalSection
	GlobalSection(ProjectConfigurationPlatforms) = postSolution
		{BF9D5CA8-E8D4-4D58-881F-51D72AE4F55C}.Debug|Any CPU.ActiveCfg = Debug|Any CPU
		{BF9D5CA8-E8D4-4D58-881F-51D72AE4F55C}.Debug|Any CPU.Build.0 = Debug|Any CPU
		{BF9D5CA8-E8D4-4D58-881F-51D72AE4F55C}.Release|Any CPU.ActiveCfg = Release|Any CPU
		{BF9D5CA8-E8D4-4D58-881F-51D72AE4F55C}.Release|Any CPU.Build.0 = Release|Any CPU
		{9C515F04-685E-4A6C-8920-F78A5DFDAA78}.Debug|Any CPU.ActiveCfg = Debug|Any CPU
		{9C515F04-685E-4A6C-8920-F78A5DFDAA78}.Debug|Any CPU.Build.0 = Debug|Any CPU
		{9C515F04-685E-4A6C-8920-F78A5DFDAA78}.Release|Any CPU.ActiveCfg = Release|Any CPU
		{9C515F04-685E-4A6C-8920-F78A5DFDAA78}.Release|Any CPU.Build.0 = Release|Any CPU
	EndGlobalSection
	GlobalSection(SolutionProperties) = preSolution
		HideSolutionNode = FALSE
	EndGlobalSection
	GlobalSection(ExtensibilityGlobals) = postSolution
		SolutionGuid = {9ED31E54-A10C-4444-9F7F-FDBE4A0C3449}
	EndGlobalSection
EndGlobal
